
Microsoft Visual Studio Solution File, Format Version 12.00
# Visual Studio Version 17
VisualStudioVersion = 17.14.36603.0 d17.14
MinimumVisualStudioVersion = 10.0.40219.1
Project("{FAE04EC0-301F-11D3-BF4B-00C04F79EFBC}") = "DiskImageTool", "DiskImageTool.csproj", "{2A23469D-3AFA-4EE0-A92D-FAEDDC7AD681}"
EndProject
Global
	GlobalSection(SolutionConfigurationPlatforms) = preSolution
		Debug|Any CPU = Debug|Any CPU
		Release|Any CPU = Release|Any CPU
	EndGlobalSection
	GlobalSection(ProjectConfigurationPlatforms) = postSolution
		{2A23469D-3AFA-4EE0-A92D-FAEDDC7AD681}.Debug|Any CPU.ActiveCfg = Debug|Any CPU
		{2A23469D-3AFA-4EE0-A92D-FAEDDC7AD681}.Debug|Any CPU.Build.0 = Debug|Any CPU
		{2A23469D-3AFA-4EE0-A92D-FAEDDC7AD681}.Release|Any CPU.ActiveCfg = Release|Any CPU
		{2A23469D-3AFA-4EE0-A92D-FAEDDC7AD681}.Release|Any CPU.Build.0 = Release|Any CPU
	EndGlobalSection
	GlobalSection(SolutionProperties) = preSolution
		HideSolutionNode = FALSE
	EndGlobalSection
	GlobalSection(ExtensibilityGlobals) = postSolution
		SolutionGuid = {B88C65B4-9C33-45E7-84CD-A141A0513EB6}
	EndGlobalSection
EndGlobal
