
Microsoft Visual Studio Solution File, Format Version 12.00
# Visual Studio Version 17
VisualStudioVersion = 17.14.36603.0
MinimumVisualStudioVersion = 10.0.40219.1
Project("{FAE04EC0-301F-11D3-BF4B-00C04F79EFBC}") = "DiskImageTool", "DiskImageTool.csproj", "{5D68FDB5-85C8-4507-A5F5-6AAA60F902A4}"
EndProject
Global
	GlobalSection(SolutionConfigurationPlatforms) = preSolution
		Debug|Any CPU = Debug|Any CPU
		Release|Any CPU = Release|Any CPU
	EndGlobalSection
	GlobalSection(ProjectConfigurationPlatforms) = postSolution
		{5D68FDB5-85C8-4507-A5F5-6AAA60F902A4}.Debug|Any CPU.ActiveCfg = Debug|Any CPU
		{5D68FDB5-85C8-4507-A5F5-6AAA60F902A4}.Debug|Any CPU.Build.0 = Debug|Any CPU
		{5D68FDB5-85C8-4507-A5F5-6AAA60F902A4}.Release|Any CPU.ActiveCfg = Release|Any CPU
		{5D68FDB5-85C8-4507-A5F5-6AAA60F902A4}.Release|Any CPU.Build.0 = Release|Any CPU
	EndGlobalSection
	GlobalSection(SolutionProperties) = preSolution
		HideSolutionNode = FALSE
	EndGlobalSection
	GlobalSection(ExtensibilityGlobals) = postSolution
		SolutionGuid = {387A46FE-3945-4F41-ABEE-5D75E79AA6B8}
	EndGlobalSection
EndGlobal
